<?xml version="1.0" encoding="utf-8"?>
<Project ToolsVersion="4.0" xmlns="http://schemas.microsoft.com/developer/msbuild/2003">
  <ItemGroup>
    <ClCompile Include="src\Game.cpp">
      <Filter>Source</Filter>
    </ClCompile>
    <ClCompile Include="src\main.cpp">
      <Filter>Source</Filter>
    </ClCompile>
    <ClCompile Include="src\stdafx.cpp">
      <Filter>Source</Filter>
    </ClCompile>
    <ClCompile Include="src\State.cpp">
      <Filter>States</Filter>
    </ClCompile>
    <ClCompile Include="src\Entity.cpp">
      <Filter>Entities</Filter>
    </ClCompile>
    <ClCompile Include="src\Gamestate.cpp">
      <Filter>States</Filter>
    </ClCompile>
    <ClCompile Include="src\MainMenu.cpp">
      <Filter>States</Filter>
    </ClCompile>
    <ClCompile Include="src\Button.cpp">
      <Filter>Resources</Filter>
    </ClCompile>
    <ClCompile Include="src\Player.cpp">
      <Filter>Entities</Filter>
    </ClCompile>
    <ClCompile Include="src\MovementComponent.cpp">
      <Filter>Components</Filter>
    </ClCompile>
    <ClCompile Include="src\AnimationComponent.cpp">
      <Filter>Components</Filter>
    </ClCompile>
    <ClCompile Include="src\EditorState.cpp">
      <Filter>States</Filter>
    </ClCompile>
    <ClCompile Include="src\HitboxComponent.cpp">
      <Filter>Components</Filter>
    </ClCompile>
  </ItemGroup>
  <ItemGroup>
    <ClInclude Include="src\stdafx.h">
      <Filter>Source</Filter>
    </ClInclude>
    <ClInclude Include="src\Game.h">
      <Filter>Source</Filter>
    </ClInclude>
    <ClInclude Include="src\Gamestate.h">
      <Filter>States</Filter>
    </ClInclude>
    <ClInclude Include="src\State.h">
      <Filter>States</Filter>
    </ClInclude>
    <ClInclude Include="src\Entity.h">
      <Filter>Entities</Filter>
    </ClInclude>
    <ClInclude Include="src\MainMenu.h">
      <Filter>States</Filter>
    </ClInclude>
    <ClInclude Include="src\Button.h">
      <Filter>Resources</Filter>
    </ClInclude>
    <ClInclude Include="src\Player.h">
      <Filter>Entities</Filter>
    </ClInclude>
    <ClInclude Include="src\MovementComponent.h">
      <Filter>Components</Filter>
    </ClInclude>
    <ClInclude Include="src\AnimationComponent.h">
      <Filter>Components</Filter>
    </ClInclude>
    <ClInclude Include="src\EditorState.h">
      <Filter>States</Filter>
    </ClInclude>
    <ClInclude Include="src\HitboxComponent.h">
      <Filter>Components</Filter>
    </ClInclude>
  </ItemGroup>
  <ItemGroup>
    <Filter Include="Source">
      <UniqueIdentifier>{8341bd6e-d46b-45c3-bfe5-5c02b7acf178}</UniqueIdentifier>
    </Filter>
    <Filter Include="Entities">
      <UniqueIdentifier>{bd576436-3166-451f-a837-f56aec8bbd57}</UniqueIdentifier>
    </Filter>
    <Filter Include="States">
      <UniqueIdentifier>{b0fefc6b-649d-4718-a082-565957d630cd}</UniqueIdentifier>
    </Filter>
    <Filter Include="Resources">
      <UniqueIdentifier>{310e5615-a95e-40f1-a33f-cd66c0967970}</UniqueIdentifier>
    </Filter>
    <Filter Include="Components">
      <UniqueIdentifier>{5b276bce-760b-46c4-a1ec-e913d2f71ee1}</UniqueIdentifier>
    </Filter>
  </ItemGroup>
</Project>